
Microsoft Visual Studio Solution File, Format Version 12.00
# Visual Studio 15
VisualStudioVersion = 15.0.28307.421
MinimumVisualStudioVersion = 10.0.40219.1
Project("{FAE04EC0-301F-11D3-BF4B-00C04F79EFBC}") = "Dungeons", "Dungeons\Dungeons.csproj", "{5D196109-CEBD-4D83-AB72-67896DC6F9E1}"
EndProject
Project("{FAE04EC0-301F-11D3-BF4B-00C04F79EFBC}") = "GameLogic", "GameLogic\GameLogic.csproj", "{7A9EF0D4-F118-446E-90ED-E07062B989BC}"
EndProject
Project("{FAE04EC0-301F-11D3-BF4B-00C04F79EFBC}") = "UserInterface", "UserInterface\UserInterface.csproj", "{0629F545-5FB8-40E1-BD44-8081188EA27F}"
EndProject
Global
	GlobalSection(SolutionConfigurationPlatforms) = preSolution
		Debug|Any CPU = Debug|Any CPU
		Release|Any CPU = Release|Any CPU
	EndGlobalSection
	GlobalSection(ProjectConfigurationPlatforms) = postSolution
		{5D196109-CEBD-4D83-AB72-67896DC6F9E1}.Debug|Any CPU.ActiveCfg = Debug|Any CPU
		{5D196109-CEBD-4D83-AB72-67896DC6F9E1}.Debug|Any CPU.Build.0 = Debug|Any CPU
		{5D196109-CEBD-4D83-AB72-67896DC6F9E1}.Release|Any CPU.ActiveCfg = Release|Any CPU
		{5D196109-CEBD-4D83-AB72-67896DC6F9E1}.Release|Any CPU.Build.0 = Release|Any CPU
		{7A9EF0D4-F118-446E-90ED-E07062B989BC}.Debug|Any CPU.ActiveCfg = Debug|Any CPU
		{7A9EF0D4-F118-446E-90ED-E07062B989BC}.Debug|Any CPU.Build.0 = Debug|Any CPU
		{7A9EF0D4-F118-446E-90ED-E07062B989BC}.Release|Any CPU.ActiveCfg = Release|Any CPU
		{7A9EF0D4-F118-446E-90ED-E07062B989BC}.Release|Any CPU.Build.0 = Release|Any CPU
		{0629F545-5FB8-40E1-BD44-8081188EA27F}.Debug|Any CPU.ActiveCfg = Debug|Any CPU
		{0629F545-5FB8-40E1-BD44-8081188EA27F}.Debug|Any CPU.Build.0 = Debug|Any CPU
		{0629F545-5FB8-40E1-BD44-8081188EA27F}.Release|Any CPU.ActiveCfg = Release|Any CPU
		{0629F545-5FB8-40E1-BD44-8081188EA27F}.Release|Any CPU.Build.0 = Release|Any CPU
	EndGlobalSection
	GlobalSection(SolutionProperties) = preSolution
		HideSolutionNode = FALSE
	EndGlobalSection
	GlobalSection(ExtensibilityGlobals) = postSolution
		SolutionGuid = {23B44779-5ED8-4592-9BF3-8717599D8E1A}
	EndGlobalSection
EndGlobal
